
Microsoft Visual Studio Solution File, Format Version 12.00
Project("{2150E333-8FDC-42A3-9474-1A3956D46DE8}") = "sdk", "sdk", "{0007CF48-139C-43C6-8A3A-2A2D1474F197}"
EndProject
Project("{2150E333-8FDC-42A3-9474-1A3956D46DE8}") = "server", "server", "{027BCBE3-D0B4-4984-8BC3-DE9FA24BF0B9}"
EndProject
Project("{2150E333-8FDC-42A3-9474-1A3956D46DE8}") = "client", "client", "{2C9D8A7C-5CED-4A72-BEDD-B74A5431FFB4}"
EndProject
Project("{2150E333-8FDC-42A3-9474-1A3956D46DE8}") = "stores", "stores", "{6213189A-903B-4D43-8B86-6CF3327DB8AB}"
EndProject
Project("{2150E333-8FDC-42A3-9474-1A3956D46DE8}") = "shared", "shared", "{E2905C95-49E1-4194-88DD-B30AA68EEF98}"
EndProject
Project("{2150E333-8FDC-42A3-9474-1A3956D46DE8}") = "common", "common", "{9177BCA2-C4B7-4ED9-B9C1-27C9B8845467}"
EndProject
Project("{FAE04EC0-301F-11D3-BF4B-00C04F79EFBC}") = "LaunchDarkly.CommonSdk", "pkgs\shared\common\src\LaunchDarkly.CommonSdk.csproj", "{2D61D2EC-8D04-46E9-9E1B-1E029341F318}"
EndProject
Project("{FAE04EC0-301F-11D3-BF4B-00C04F79EFBC}") = "LaunchDarkly.CommonSdk.Tests", "pkgs\shared\common\test\LaunchDarkly.CommonSdk.Tests.csproj", "{DB9C772D-00D1-47CD-940E-7D802D4FB59A}"
EndProject
Project("{2150E333-8FDC-42A3-9474-1A3956D46DE8}") = "common-json-net", "common-json-net", "{1E69ED14-2791-4072-AB9B-EA266D3EDDD4}"
EndProject
Project("{FAE04EC0-301F-11D3-BF4B-00C04F79EFBC}") = "LaunchDarkly.CommonSdk.JsonNet", "pkgs\shared\common-json-net\src\LaunchDarkly.CommonSdk.JsonNet.csproj", "{D1DF71E8-6037-4E35-813A-07F5A27153C2}"
EndProject
Project("{FAE04EC0-301F-11D3-BF4B-00C04F79EFBC}") = "LaunchDarkly.CommonSdk.JsonNet.Tests", "pkgs\shared\common-json-net\test\LaunchDarkly.CommonSdk.JsonNet.Tests.csproj", "{A2733CF1-672F-41A8-8DF8-7340BF953457}"
EndProject
Project("{FAE04EC0-301F-11D3-BF4B-00C04F79EFBC}") = "LaunchDarkly.ClientSdk", "pkgs\sdk\client\src\LaunchDarkly.ClientSdk.csproj", "{F91A1EFE-5411-4100-A2D1-7C8D72090F05}"
EndProject
Project("{FAE04EC0-301F-11D3-BF4B-00C04F79EFBC}") = "LaunchDarkly.ClientSdk.Tests", "pkgs\sdk\client\test\LaunchDarkly.ClientSdk.Tests\LaunchDarkly.ClientSdk.Tests.csproj", "{14026C03-B639-459C-8E23-B99E2FB68C10}"
EndProject
Project("{FAE04EC0-301F-11D3-BF4B-00C04F79EFBC}") = "TestService", "pkgs\sdk\client\contract-tests\TestService.csproj", "{73F7605E-9D64-4719-9DBB-77DFD5E06BE5}"
EndProject
Project("{FAE04EC0-301F-11D3-BF4B-00C04F79EFBC}") = "LaunchDarkly.ServerSdk", "pkgs\sdk\server\src\LaunchDarkly.ServerSdk.csproj", "{1D41FF94-B814-4FF3-A565-518DC9759140}"
EndProject
Project("{FAE04EC0-301F-11D3-BF4B-00C04F79EFBC}") = "LaunchDarkly.ServerSdk.Tests", "pkgs\sdk\server\test\LaunchDarkly.ServerSdk.Tests.csproj", "{540B751E-41AE-4D7C-9715-57BA5C97DAD7}"
EndProject
Project("{FAE04EC0-301F-11D3-BF4B-00C04F79EFBC}") = "TestService", "pkgs\sdk\server\contract-tests\TestService.csproj", "{A543C2DE-42AB-4E2F-85DC-F6BEC77E7695}"
EndProject
Project("{FAE04EC0-301F-11D3-BF4B-00C04F79EFBC}") = "LaunchDarkly.ServerSdk.Consul", "pkgs\dotnet-server-sdk-consul\src\LaunchDarkly.ServerSdk.Consul.csproj", "{06C06727-7A8F-417E-9164-5C70AD96A94F}"
EndProject
Project("{FAE04EC0-301F-11D3-BF4B-00C04F79EFBC}") = "LaunchDarkly.ServerSdk.Consul.Tests", "pkgs\dotnet-server-sdk-consul\test\LaunchDarkly.ServerSdk.Consul.Tests.csproj", "{537C0A25-938B-4B6D-B7BA-ED16DC0F5B11}"
EndProject
Project("{2150E333-8FDC-42A3-9474-1A3956D46DE8}") = "consul", "consul", "{AF7E6631-D3A9-410D-95BE-38758A51C006}"
EndProject
Project("{2150E333-8FDC-42A3-9474-1A3956D46DE8}") = "dynamodb", "dynamodb", "{BA427F10-ED80-464B-A7DA-C952D1149615}"
EndProject
Project("{FAE04EC0-301F-11D3-BF4B-00C04F79EFBC}") = "LaunchDarkly.ServerSdk.DynamoDB", "pkgs\dotnet-server-sdk-dynamodb\src\LaunchDarkly.ServerSdk.DynamoDB.csproj", "{CC8B417E-30D6-4654-BB6A-0BC9433CDE8C}"
EndProject
Project("{FAE04EC0-301F-11D3-BF4B-00C04F79EFBC}") = "LaunchDarkly.ServerSdk.DynamoDB.Tests", "pkgs\dotnet-server-sdk-dynamodb\test\LaunchDarkly.ServerSdk.DynamoDB.Tests.csproj", "{DC897FFA-36AA-4863-B23F-0ECEF5D17839}"
EndProject
Project("{2150E333-8FDC-42A3-9474-1A3956D46DE8}") = "redis", "redis", "{2C9A87A1-98B9-43C6-9658-46CDB1817CC6}"
EndProject
Project("{FAE04EC0-301F-11D3-BF4B-00C04F79EFBC}") = "LaunchDarkly.ServerSdk.Redis", "pkgs\dotnet-server-sdk-redis\src\LaunchDarkly.ServerSdk.Redis.csproj", "{F6FFC943-F464-4E36-B07D-EB16D5DF6D32}"
EndProject
Project("{FAE04EC0-301F-11D3-BF4B-00C04F79EFBC}") = "LaunchDarkly.ServerSdk.Redis.Tests", "pkgs\dotnet-server-sdk-redis\test\LaunchDarkly.ServerSdk.Redis.Tests.csproj", "{8C027074-CF8D-437F-9CE8-0F8180E496AA}"
EndProject
Project("{2150E333-8FDC-42A3-9474-1A3956D46DE8}") = "dotnet-server-sdk-shared-tests", "dotnet-server-sdk-shared-tests", "{3029CA75-A186-44B4-B243-100EAD361C28}"
EndProject
Project("{FAE04EC0-301F-11D3-BF4B-00C04F79EFBC}") = "LaunchDarkly.ServerSdk.SharedTests", "pkgs\shared\dotnet-server-sdk-shared-tests\src\LaunchDarkly.ServerSdk.SharedTests.csproj", "{ED864025-2BDC-4AED-8A53-FAB852772132}"
EndProject
Project("{FAE04EC0-301F-11D3-BF4B-00C04F79EFBC}") = "LaunchDarkly.ServerSdk.SharedTests.Tests", "pkgs\shared\dotnet-server-sdk-shared-tests\test\LaunchDarkly.ServerSdk.SharedTests.Tests.csproj", "{8C9BDA1A-6AB3-4B52-8CBB-6B702FABC292}"
EndProject
Global
	GlobalSection(SolutionConfigurationPlatforms) = preSolution
		Debug|Any CPU = Debug|Any CPU
		Release|Any CPU = Release|Any CPU
	EndGlobalSection
	GlobalSection(NestedProjects) = preSolution
		{027BCBE3-D0B4-4984-8BC3-DE9FA24BF0B9} = {0007CF48-139C-43C6-8A3A-2A2D1474F197}
		{2C9D8A7C-5CED-4A72-BEDD-B74A5431FFB4} = {0007CF48-139C-43C6-8A3A-2A2D1474F197}
		{9177BCA2-C4B7-4ED9-B9C1-27C9B8845467} = {E2905C95-49E1-4194-88DD-B30AA68EEF98}
		{2D61D2EC-8D04-46E9-9E1B-1E029341F318} = {9177BCA2-C4B7-4ED9-B9C1-27C9B8845467}
		{DB9C772D-00D1-47CD-940E-7D802D4FB59A} = {9177BCA2-C4B7-4ED9-B9C1-27C9B8845467}
		{1E69ED14-2791-4072-AB9B-EA266D3EDDD4} = {E2905C95-49E1-4194-88DD-B30AA68EEF98}
		{D1DF71E8-6037-4E35-813A-07F5A27153C2} = {1E69ED14-2791-4072-AB9B-EA266D3EDDD4}
		{A2733CF1-672F-41A8-8DF8-7340BF953457} = {1E69ED14-2791-4072-AB9B-EA266D3EDDD4}
		{F91A1EFE-5411-4100-A2D1-7C8D72090F05} = {2C9D8A7C-5CED-4A72-BEDD-B74A5431FFB4}
		{14026C03-B639-459C-8E23-B99E2FB68C10} = {2C9D8A7C-5CED-4A72-BEDD-B74A5431FFB4}
		{73F7605E-9D64-4719-9DBB-77DFD5E06BE5} = {2C9D8A7C-5CED-4A72-BEDD-B74A5431FFB4}
		{1D41FF94-B814-4FF3-A565-518DC9759140} = {027BCBE3-D0B4-4984-8BC3-DE9FA24BF0B9}
		{540B751E-41AE-4D7C-9715-57BA5C97DAD7} = {027BCBE3-D0B4-4984-8BC3-DE9FA24BF0B9}
		{A543C2DE-42AB-4E2F-85DC-F6BEC77E7695} = {027BCBE3-D0B4-4984-8BC3-DE9FA24BF0B9}
		{AF7E6631-D3A9-410D-95BE-38758A51C006} = {6213189A-903B-4D43-8B86-6CF3327DB8AB}
		{06C06727-7A8F-417E-9164-5C70AD96A94F} = {AF7E6631-D3A9-410D-95BE-38758A51C006}
		{537C0A25-938B-4B6D-B7BA-ED16DC0F5B11} = {AF7E6631-D3A9-410D-95BE-38758A51C006}
		{BA427F10-ED80-464B-A7DA-C952D1149615} = {6213189A-903B-4D43-8B86-6CF3327DB8AB}
		{CC8B417E-30D6-4654-BB6A-0BC9433CDE8C} = {BA427F10-ED80-464B-A7DA-C952D1149615}
		{DC897FFA-36AA-4863-B23F-0ECEF5D17839} = {BA427F10-ED80-464B-A7DA-C952D1149615}
		{2C9A87A1-98B9-43C6-9658-46CDB1817CC6} = {6213189A-903B-4D43-8B86-6CF3327DB8AB}
		{F6FFC943-F464-4E36-B07D-EB16D5DF6D32} = {2C9A87A1-98B9-43C6-9658-46CDB1817CC6}
		{8C027074-CF8D-437F-9CE8-0F8180E496AA} = {2C9A87A1-98B9-43C6-9658-46CDB1817CC6}
		{3029CA75-A186-44B4-B243-100EAD361C28} = {E2905C95-49E1-4194-88DD-B30AA68EEF98}
		{ED864025-2BDC-4AED-8A53-FAB852772132} = {3029CA75-A186-44B4-B243-100EAD361C28}
		{8C9BDA1A-6AB3-4B52-8CBB-6B702FABC292} = {3029CA75-A186-44B4-B243-100EAD361C28}
	EndGlobalSection
	GlobalSection(ProjectConfigurationPlatforms) = postSolution
		{2D61D2EC-8D04-46E9-9E1B-1E029341F318}.Debug|Any CPU.ActiveCfg = Debug|Any CPU
		{2D61D2EC-8D04-46E9-9E1B-1E029341F318}.Debug|Any CPU.Build.0 = Debug|Any CPU
		{2D61D2EC-8D04-46E9-9E1B-1E029341F318}.Release|Any CPU.ActiveCfg = Release|Any CPU
		{2D61D2EC-8D04-46E9-9E1B-1E029341F318}.Release|Any CPU.Build.0 = Release|Any CPU
		{DB9C772D-00D1-47CD-940E-7D802D4FB59A}.Debug|Any CPU.ActiveCfg = Debug|Any CPU
		{DB9C772D-00D1-47CD-940E-7D802D4FB59A}.Debug|Any CPU.Build.0 = Debug|Any CPU
		{DB9C772D-00D1-47CD-940E-7D802D4FB59A}.Release|Any CPU.ActiveCfg = Release|Any CPU
		{DB9C772D-00D1-47CD-940E-7D802D4FB59A}.Release|Any CPU.Build.0 = Release|Any CPU
		{D1DF71E8-6037-4E35-813A-07F5A27153C2}.Debug|Any CPU.ActiveCfg = Debug|Any CPU
		{D1DF71E8-6037-4E35-813A-07F5A27153C2}.Debug|Any CPU.Build.0 = Debug|Any CPU
		{D1DF71E8-6037-4E35-813A-07F5A27153C2}.Release|Any CPU.ActiveCfg = Release|Any CPU
		{D1DF71E8-6037-4E35-813A-07F5A27153C2}.Release|Any CPU.Build.0 = Release|Any CPU
		{A2733CF1-672F-41A8-8DF8-7340BF953457}.Debug|Any CPU.ActiveCfg = Debug|Any CPU
		{A2733CF1-672F-41A8-8DF8-7340BF953457}.Debug|Any CPU.Build.0 = Debug|Any CPU
		{A2733CF1-672F-41A8-8DF8-7340BF953457}.Release|Any CPU.ActiveCfg = Release|Any CPU
		{A2733CF1-672F-41A8-8DF8-7340BF953457}.Release|Any CPU.Build.0 = Release|Any CPU
		{F91A1EFE-5411-4100-A2D1-7C8D72090F05}.Debug|Any CPU.ActiveCfg = Debug|Any CPU
		{F91A1EFE-5411-4100-A2D1-7C8D72090F05}.Debug|Any CPU.Build.0 = Debug|Any CPU
		{F91A1EFE-5411-4100-A2D1-7C8D72090F05}.Release|Any CPU.ActiveCfg = Release|Any CPU
		{F91A1EFE-5411-4100-A2D1-7C8D72090F05}.Release|Any CPU.Build.0 = Release|Any CPU
		{14026C03-B639-459C-8E23-B99E2FB68C10}.Debug|Any CPU.ActiveCfg = Debug|Any CPU
		{14026C03-B639-459C-8E23-B99E2FB68C10}.Debug|Any CPU.Build.0 = Debug|Any CPU
		{14026C03-B639-459C-8E23-B99E2FB68C10}.Release|Any CPU.ActiveCfg = Release|Any CPU
		{14026C03-B639-459C-8E23-B99E2FB68C10}.Release|Any CPU.Build.0 = Release|Any CPU
		{73F7605E-9D64-4719-9DBB-77DFD5E06BE5}.Debug|Any CPU.ActiveCfg = Debug|Any CPU
		{73F7605E-9D64-4719-9DBB-77DFD5E06BE5}.Debug|Any CPU.Build.0 = Debug|Any CPU
		{73F7605E-9D64-4719-9DBB-77DFD5E06BE5}.Release|Any CPU.ActiveCfg = Release|Any CPU
		{73F7605E-9D64-4719-9DBB-77DFD5E06BE5}.Release|Any CPU.Build.0 = Release|Any CPU
		{1D41FF94-B814-4FF3-A565-518DC9759140}.Debug|Any CPU.ActiveCfg = Debug|Any CPU
		{1D41FF94-B814-4FF3-A565-518DC9759140}.Debug|Any CPU.Build.0 = Debug|Any CPU
		{1D41FF94-B814-4FF3-A565-518DC9759140}.Release|Any CPU.ActiveCfg = Release|Any CPU
		{1D41FF94-B814-4FF3-A565-518DC9759140}.Release|Any CPU.Build.0 = Release|Any CPU
		{540B751E-41AE-4D7C-9715-57BA5C97DAD7}.Debug|Any CPU.ActiveCfg = Debug|Any CPU
		{540B751E-41AE-4D7C-9715-57BA5C97DAD7}.Debug|Any CPU.Build.0 = Debug|Any CPU
		{540B751E-41AE-4D7C-9715-57BA5C97DAD7}.Release|Any CPU.ActiveCfg = Release|Any CPU
		{540B751E-41AE-4D7C-9715-57BA5C97DAD7}.Release|Any CPU.Build.0 = Release|Any CPU
		{A543C2DE-42AB-4E2F-85DC-F6BEC77E7695}.Debug|Any CPU.ActiveCfg = Debug|Any CPU
		{A543C2DE-42AB-4E2F-85DC-F6BEC77E7695}.Debug|Any CPU.Build.0 = Debug|Any CPU
		{A543C2DE-42AB-4E2F-85DC-F6BEC77E7695}.Release|Any CPU.ActiveCfg = Release|Any CPU
		{A543C2DE-42AB-4E2F-85DC-F6BEC77E7695}.Release|Any CPU.Build.0 = Release|Any CPU
		{06C06727-7A8F-417E-9164-5C70AD96A94F}.Debug|Any CPU.ActiveCfg = Debug|Any CPU
		{06C06727-7A8F-417E-9164-5C70AD96A94F}.Debug|Any CPU.Build.0 = Debug|Any CPU
		{06C06727-7A8F-417E-9164-5C70AD96A94F}.Release|Any CPU.ActiveCfg = Release|Any CPU
		{06C06727-7A8F-417E-9164-5C70AD96A94F}.Release|Any CPU.Build.0 = Release|Any CPU
		{537C0A25-938B-4B6D-B7BA-ED16DC0F5B11}.Debug|Any CPU.ActiveCfg = Debug|Any CPU
		{537C0A25-938B-4B6D-B7BA-ED16DC0F5B11}.Debug|Any CPU.Build.0 = Debug|Any CPU
		{537C0A25-938B-4B6D-B7BA-ED16DC0F5B11}.Release|Any CPU.ActiveCfg = Release|Any CPU
		{537C0A25-938B-4B6D-B7BA-ED16DC0F5B11}.Release|Any CPU.Build.0 = Release|Any CPU
		{CC8B417E-30D6-4654-BB6A-0BC9433CDE8C}.Debug|Any CPU.ActiveCfg = Debug|Any CPU
		{CC8B417E-30D6-4654-BB6A-0BC9433CDE8C}.Debug|Any CPU.Build.0 = Debug|Any CPU
		{CC8B417E-30D6-4654-BB6A-0BC9433CDE8C}.Release|Any CPU.ActiveCfg = Release|Any CPU
		{CC8B417E-30D6-4654-BB6A-0BC9433CDE8C}.Release|Any CPU.Build.0 = Release|Any CPU
		{DC897FFA-36AA-4863-B23F-0ECEF5D17839}.Debug|Any CPU.ActiveCfg = Debug|Any CPU
		{DC897FFA-36AA-4863-B23F-0ECEF5D17839}.Debug|Any CPU.Build.0 = Debug|Any CPU
		{DC897FFA-36AA-4863-B23F-0ECEF5D17839}.Release|Any CPU.ActiveCfg = Release|Any CPU
		{DC897FFA-36AA-4863-B23F-0ECEF5D17839}.Release|Any CPU.Build.0 = Release|Any CPU
		{F6FFC943-F464-4E36-B07D-EB16D5DF6D32}.Debug|Any CPU.ActiveCfg = Debug|Any CPU
		{F6FFC943-F464-4E36-B07D-EB16D5DF6D32}.Debug|Any CPU.Build.0 = Debug|Any CPU
		{F6FFC943-F464-4E36-B07D-EB16D5DF6D32}.Release|Any CPU.ActiveCfg = Release|Any CPU
		{F6FFC943-F464-4E36-B07D-EB16D5DF6D32}.Release|Any CPU.Build.0 = Release|Any CPU
		{8C027074-CF8D-437F-9CE8-0F8180E496AA}.Debug|Any CPU.ActiveCfg = Debug|Any CPU
		{8C027074-CF8D-437F-9CE8-0F8180E496AA}.Debug|Any CPU.Build.0 = Debug|Any CPU
		{8C027074-CF8D-437F-9CE8-0F8180E496AA}.Release|Any CPU.ActiveCfg = Release|Any CPU
		{8C027074-CF8D-437F-9CE8-0F8180E496AA}.Release|Any CPU.Build.0 = Release|Any CPU
		{ED864025-2BDC-4AED-8A53-FAB852772132}.Debug|Any CPU.ActiveCfg = Debug|Any CPU
		{ED864025-2BDC-4AED-8A53-FAB852772132}.Debug|Any CPU.Build.0 = Debug|Any CPU
		{ED864025-2BDC-4AED-8A53-FAB852772132}.Release|Any CPU.ActiveCfg = Release|Any CPU
		{ED864025-2BDC-4AED-8A53-FAB852772132}.Release|Any CPU.Build.0 = Release|Any CPU
		{8C9BDA1A-6AB3-4B52-8CBB-6B702FABC292}.Debug|Any CPU.ActiveCfg = Debug|Any CPU
		{8C9BDA1A-6AB3-4B52-8CBB-6B702FABC292}.Debug|Any CPU.Build.0 = Debug|Any CPU
		{8C9BDA1A-6AB3-4B52-8CBB-6B702FABC292}.Release|Any CPU.ActiveCfg = Release|Any CPU
		{8C9BDA1A-6AB3-4B52-8CBB-6B702FABC292}.Release|Any CPU.Build.0 = Release|Any CPU
	EndGlobalSection
EndGlobal
